
Microsoft Visual Studio Solution File, Format Version 12.00
# Visual Studio Version 17
VisualStudioVersion = 17.11.35312.102
MinimumVisualStudioVersion = 10.0.40219.1
Project("{FAE04EC0-301F-11D3-BF4B-00C04F79EFBC}") = "InversionOfControl", "InversionOfControl\InversionOfControl.csproj", "{BAD5B01C-3B2C-4A71-AC1F-A515B7F9BAFA}"
EndProject
Global
	GlobalSection(SolutionConfigurationPlatforms) = preSolution
		Debug|Any CPU = Debug|Any CPU
		Release|Any CPU = Release|Any CPU
	EndGlobalSection
	GlobalSection(ProjectConfigurationPlatforms) = postSolution
		{BAD5B01C-3B2C-4A71-AC1F-A515B7F9BAFA}.Debug|Any CPU.ActiveCfg = Debug|Any CPU
		{BAD5B01C-3B2C-4A71-AC1F-A515B7F9BAFA}.Debug|Any CPU.Build.0 = Debug|Any CPU
		{BAD5B01C-3B2C-4A71-AC1F-A515B7F9BAFA}.Release|Any CPU.ActiveCfg = Release|Any CPU
		{BAD5B01C-3B2C-4A71-AC1F-A515B7F9BAFA}.Release|Any CPU.Build.0 = Release|Any CPU
	EndGlobalSection
	GlobalSection(SolutionProperties) = preSolution
		HideSolutionNode = FALSE
	EndGlobalSection
	GlobalSection(ExtensibilityGlobals) = postSolution
		SolutionGuid = {0F0145D3-3EB9-4ADC-A98A-B0846E9EE124}
	EndGlobalSection
EndGlobal
