
Microsoft Visual Studio Solution File, Format Version 12.00
# Visual Studio Version 17
VisualStudioVersion = 17.11.35312.102
MinimumVisualStudioVersion = 10.0.40219.1
Project("{FAE04EC0-301F-11D3-BF4B-00C04F79EFBC}") = "RegisterLoginJWT", "RegisterLoginJWT\RegisterLoginJWT.csproj", "{5C6F5968-D72F-4081-8ACC-2BA2D9A58DC1}"
EndProject
Global
	GlobalSection(SolutionConfigurationPlatforms) = preSolution
		Debug|Any CPU = Debug|Any CPU
		Release|Any CPU = Release|Any CPU
	EndGlobalSection
	GlobalSection(ProjectConfigurationPlatforms) = postSolution
		{5C6F5968-D72F-4081-8ACC-2BA2D9A58DC1}.Debug|Any CPU.ActiveCfg = Debug|Any CPU
		{5C6F5968-D72F-4081-8ACC-2BA2D9A58DC1}.Debug|Any CPU.Build.0 = Debug|Any CPU
		{5C6F5968-D72F-4081-8ACC-2BA2D9A58DC1}.Release|Any CPU.ActiveCfg = Release|Any CPU
		{5C6F5968-D72F-4081-8ACC-2BA2D9A58DC1}.Release|Any CPU.Build.0 = Release|Any CPU
	EndGlobalSection
	GlobalSection(SolutionProperties) = preSolution
		HideSolutionNode = FALSE
	EndGlobalSection
	GlobalSection(ExtensibilityGlobals) = postSolution
		SolutionGuid = {5C1EC853-115E-436E-8230-BE20150AE468}
	EndGlobalSection
EndGlobal
